
Microsoft Visual Studio Solution File, Format Version 12.00
# Visual Studio Version 16
VisualStudioVersion = 16.0.29709.97
MinimumVisualStudioVersion = 10.0.40219.1
Project("{F184B08F-C81C-45F6-A57F-5ABD9991F28F}") = "Program7", "Program7\Program7.vbproj", "{E6FD5508-DCD2-44B8-A97E-2000CB59A057}"
EndProject
Global
	GlobalSection(SolutionConfigurationPlatforms) = preSolution
		Debug|Any CPU = Debug|Any CPU
		Release|Any CPU = Release|Any CPU
	EndGlobalSection
	GlobalSection(ProjectConfigurationPlatforms) = postSolution
		{E6FD5508-DCD2-44B8-A97E-2000CB59A057}.Debug|Any CPU.ActiveCfg = Debug|Any CPU
		{E6FD5508-DCD2-44B8-A97E-2000CB59A057}.Debug|Any CPU.Build.0 = Debug|Any CPU
		{E6FD5508-DCD2-44B8-A97E-2000CB59A057}.Release|Any CPU.ActiveCfg = Release|Any CPU
		{E6FD5508-DCD2-44B8-A97E-2000CB59A057}.Release|Any CPU.Build.0 = Release|Any CPU
	EndGlobalSection
	GlobalSection(SolutionProperties) = preSolution
		HideSolutionNode = FALSE
	EndGlobalSection
	GlobalSection(ExtensibilityGlobals) = postSolution
		SolutionGuid = {0A1F1EF9-F59F-41F2-96B2-AE010A62299C}
	EndGlobalSection
EndGlobal
